
Microsoft Visual Studio Solution File, Format Version 12.00
# Visual Studio Version 17
VisualStudioVersion = 17.7.34202.233
MinimumVisualStudioVersion = 10.0.40219.1
Project("{FAE04EC0-301F-11D3-BF4B-00C04F79EFBC}") = "calendrier2", "calendrier2\calendrier2.csproj", "{E230EA72-DF80-4B90-8B11-8614E9CE795C}"
EndProject
Global
	GlobalSection(SolutionConfigurationPlatforms) = preSolution
		Debug|Any CPU = Debug|Any CPU
		Release|Any CPU = Release|Any CPU
	EndGlobalSection
	GlobalSection(ProjectConfigurationPlatforms) = postSolution
		{E230EA72-DF80-4B90-8B11-8614E9CE795C}.Debug|Any CPU.ActiveCfg = Debug|Any CPU
		{E230EA72-DF80-4B90-8B11-8614E9CE795C}.Debug|Any CPU.Build.0 = Debug|Any CPU
		{E230EA72-DF80-4B90-8B11-8614E9CE795C}.Release|Any CPU.ActiveCfg = Release|Any CPU
		{E230EA72-DF80-4B90-8B11-8614E9CE795C}.Release|Any CPU.Build.0 = Release|Any CPU
	EndGlobalSection
	GlobalSection(SolutionProperties) = preSolution
		HideSolutionNode = FALSE
	EndGlobalSection
	GlobalSection(ExtensibilityGlobals) = postSolution
		SolutionGuid = {3E103F09-E90C-4301-8599-B79DFE3002F6}
	EndGlobalSection
EndGlobal
